// !$*UTF8*$!
{
	archiveVersion = 1;
	classes = {
	};
	objectVersion = 56;
	objects = {

/* Begin PBXBuildFile section */
		41C210F0B25CB5A9D3ED1D96 /* Pods_MrS_Cool.framework in Frameworks */ = {isa = PBXBuildFile; fileRef = 23B27A1B6A65B18FCFD88562 /* Pods_MrS_Cool.framework */; };
		C829B6972AE171C500CA1935 /* ChangeLanguageView.swift in Sources */ = {isa = PBXBuildFile; fileRef = C829B6962AE171C500CA1935 /* ChangeLanguageView.swift */; };
		C88C52D82ADFE4EC003DE051 /* CustomTextField.swift in Sources */ = {isa = PBXBuildFile; fileRef = C88C52D72ADFE4EC003DE051 /* CustomTextField.swift */; };
		C88C52DB2AE00124003DE051 /* CheckboxField.swift in Sources */ = {isa = PBXBuildFile; fileRef = C88C52DA2AE00124003DE051 /* CheckboxField.swift */; };
		C88C52DE2AE02548003DE051 /* ExStrings.swift in Sources */ = {isa = PBXBuildFile; fileRef = C88C52DD2AE02548003DE051 /* ExStrings.swift */; };
		C899E3E72ADE8ED300593369 /* CustomTitleBarView.swift in Sources */ = {isa = PBXBuildFile; fileRef = C899E3E62ADE8ED300593369 /* CustomTitleBarView.swift */; };
		C899E3EA2ADEC6BD00593369 /* SignUpView.swift in Sources */ = {isa = PBXBuildFile; fileRef = C899E3E92ADEC6BD00593369 /* SignUpView.swift */; };
		C899E3ED2ADED34200593369 /* CustomButton.swift in Sources */ = {isa = PBXBuildFile; fileRef = C899E3EC2ADED34200593369 /* CustomButton.swift */; };
		C899E3F02ADED3D800593369 /* Roundedcorners.swift in Sources */ = {isa = PBXBuildFile; fileRef = C899E3EF2ADED3D800593369 /* Roundedcorners.swift */; };
		C899E3F42ADEEBC000593369 /* UserTypesList.swift in Sources */ = {isa = PBXBuildFile; fileRef = C899E3F32ADEEBC000593369 /* UserTypesList.swift */; };
		C899E3F72ADF10EF00593369 /* UserTypeCell.swift in Sources */ = {isa = PBXBuildFile; fileRef = C899E3F62ADF10EF00593369 /* UserTypeCell.swift */; };
		C89BAFA42AE2B83200FB5807 /* ViewModifiers.swift in Sources */ = {isa = PBXBuildFile; fileRef = C89BAFA32AE2B83200FB5807 /* ViewModifiers.swift */; };
		C89EA9062ADD906300891D41 /* MrS_CoolApp.swift in Sources */ = {isa = PBXBuildFile; fileRef = C89EA9052ADD906300891D41 /* MrS_CoolApp.swift */; };
		C89EA9082ADD906300891D41 /* ContentView.swift in Sources */ = {isa = PBXBuildFile; fileRef = C89EA9072ADD906300891D41 /* ContentView.swift */; };
		C89EA90A2ADD906800891D41 /* Assets.xcassets in Resources */ = {isa = PBXBuildFile; fileRef = C89EA9092ADD906800891D41 /* Assets.xcassets */; };
		C89EA90D2ADD906800891D41 /* Preview Assets.xcassets in Resources */ = {isa = PBXBuildFile; fileRef = C89EA90C2ADD906800891D41 /* Preview Assets.xcassets */; };
		C8FB11A92ADD99800051715F /* EndPoints.swift in Sources */ = {isa = PBXBuildFile; fileRef = C8FB118C2ADD99800051715F /* EndPoints.swift */; };
		C8FB11AA2ADD99800051715F /* BaseRequest.swift in Sources */ = {isa = PBXBuildFile; fileRef = C8FB118D2ADD99800051715F /* BaseRequest.swift */; };
		C8FB11AB2ADD99800051715F /* BaseResponse.swift in Sources */ = {isa = PBXBuildFile; fileRef = C8FB118E2ADD99800051715F /* BaseResponse.swift */; };
		C8FB11AC2ADD99800051715F /* RequestBuilder.swift in Sources */ = {isa = PBXBuildFile; fileRef = C8FB118F2ADD99800051715F /* RequestBuilder.swift */; };
		C8FB11B02ADD99800051715F /* Authintications.swift in Sources */ = {isa = PBXBuildFile; fileRef = C8FB11942ADD99800051715F /* Authintications.swift */; };
		C8FB11B22ADD99800051715F /* InterMedium.ttf in Resources */ = {isa = PBXBuildFile; fileRef = C8FB11992ADD99800051715F /* InterMedium.ttf */; };
		C8FB11B32ADD99800051715F /* SoraBold.ttf in Resources */ = {isa = PBXBuildFile; fileRef = C8FB119A2ADD99800051715F /* SoraBold.ttf */; };
		C8FB11B42ADD99800051715F /* SoraSemiBold.ttf in Resources */ = {isa = PBXBuildFile; fileRef = C8FB119B2ADD99800051715F /* SoraSemiBold.ttf */; };
		C8FB11B52ADD99800051715F /* RobotoRegular.ttf in Resources */ = {isa = PBXBuildFile; fileRef = C8FB119C2ADD99800051715F /* RobotoRegular.ttf */; };
		C8FB11B62ADD99800051715F /* SoraRegular.ttf in Resources */ = {isa = PBXBuildFile; fileRef = C8FB119D2ADD99800051715F /* SoraRegular.ttf */; };
		C8FB11BA2ADD99800051715F /* Language.swift in Sources */ = {isa = PBXBuildFile; fileRef = C8FB11A72ADD99800051715F /* Language.swift */; };
		C8FB11BB2ADD99800051715F /* LocalizationService.swift in Sources */ = {isa = PBXBuildFile; fileRef = C8FB11A82ADD99800051715F /* LocalizationService.swift */; };
		C8FB11BE2ADD9C3B0051715F /* Localizable.strings in Resources */ = {isa = PBXBuildFile; fileRef = C8FB11C02ADD9C3B0051715F /* Localizable.strings */; };
		C8FB11C82ADD9EB70051715F /* SignInView.swift in Sources */ = {isa = PBXBuildFile; fileRef = C8FB11C72ADD9EB70051715F /* SignInView.swift */; };
		C8FB11CA2ADDA2310051715F /* Helper.swift in Sources */ = {isa = PBXBuildFile; fileRef = C8FB11C92ADDA2310051715F /* Helper.swift */; };
		C8FB11CC2ADDA2920051715F /* SignInModel.swift in Sources */ = {isa = PBXBuildFile; fileRef = C8FB11CB2ADDA2920051715F /* SignInModel.swift */; };
		C8FB11D22ADDAD070051715F /* ColorConstants.swift in Sources */ = {isa = PBXBuildFile; fileRef = C8FB11D12ADDAD070051715F /* ColorConstants.swift */; };
		C8FB11D42ADDADD10051715F /* FontsExtension.swift in Sources */ = {isa = PBXBuildFile; fileRef = C8FB11D32ADDADD10051715F /* FontsExtension.swift */; };
/* End PBXBuildFile section */

/* Begin PBXFileReference section */
		23B27A1B6A65B18FCFD88562 /* Pods_MrS_Cool.framework */ = {isa = PBXFileReference; explicitFileType = wrapper.framework; includeInIndex = 0; path = Pods_MrS_Cool.framework; sourceTree = BUILT_PRODUCTS_DIR; };
		747642AF184B8ED6C5D966CF /* Pods-MrS-Cool.debug.xcconfig */ = {isa = PBXFileReference; includeInIndex = 1; lastKnownFileType = text.xcconfig; name = "Pods-MrS-Cool.debug.xcconfig"; path = "Target Support Files/Pods-MrS-Cool/Pods-MrS-Cool.debug.xcconfig"; sourceTree = "<group>"; };
		C32E76EA1E910F81EDF3CB3E /* Pods-MrS-Cool.release.xcconfig */ = {isa = PBXFileReference; includeInIndex = 1; lastKnownFileType = text.xcconfig; name = "Pods-MrS-Cool.release.xcconfig"; path = "Target Support Files/Pods-MrS-Cool/Pods-MrS-Cool.release.xcconfig"; sourceTree = "<group>"; };
		C829B6962AE171C500CA1935 /* ChangeLanguageView.swift */ = {isa = PBXFileReference; lastKnownFileType = sourcecode.swift; path = ChangeLanguageView.swift; sourceTree = "<group>"; };
		C88C52D72ADFE4EC003DE051 /* CustomTextField.swift */ = {isa = PBXFileReference; lastKnownFileType = sourcecode.swift; path = CustomTextField.swift; sourceTree = "<group>"; };
		C88C52DA2AE00124003DE051 /* CheckboxField.swift */ = {isa = PBXFileReference; lastKnownFileType = sourcecode.swift; path = CheckboxField.swift; sourceTree = "<group>"; };
		C88C52DD2AE02548003DE051 /* ExStrings.swift */ = {isa = PBXFileReference; lastKnownFileType = sourcecode.swift; path = ExStrings.swift; sourceTree = "<group>"; };
		C899E3E62ADE8ED300593369 /* CustomTitleBarView.swift */ = {isa = PBXFileReference; lastKnownFileType = sourcecode.swift; path = CustomTitleBarView.swift; sourceTree = "<group>"; };
		C899E3E92ADEC6BD00593369 /* SignUpView.swift */ = {isa = PBXFileReference; lastKnownFileType = sourcecode.swift; path = SignUpView.swift; sourceTree = "<group>"; };
		C899E3EC2ADED34200593369 /* CustomButton.swift */ = {isa = PBXFileReference; lastKnownFileType = sourcecode.swift; path = CustomButton.swift; sourceTree = "<group>"; };
		C899E3EF2ADED3D800593369 /* Roundedcorners.swift */ = {isa = PBXFileReference; lastKnownFileType = sourcecode.swift; path = Roundedcorners.swift; sourceTree = "<group>"; };
		C899E3F32ADEEBC000593369 /* UserTypesList.swift */ = {isa = PBXFileReference; lastKnownFileType = sourcecode.swift; path = UserTypesList.swift; sourceTree = "<group>"; };
		C899E3F62ADF10EF00593369 /* UserTypeCell.swift */ = {isa = PBXFileReference; lastKnownFileType = sourcecode.swift; path = UserTypeCell.swift; sourceTree = "<group>"; };
		C89BAFA32AE2B83200FB5807 /* ViewModifiers.swift */ = {isa = PBXFileReference; lastKnownFileType = sourcecode.swift; path = ViewModifiers.swift; sourceTree = "<group>"; };
		C89EA9052ADD906300891D41 /* MrS_CoolApp.swift */ = {isa = PBXFileReference; lastKnownFileType = sourcecode.swift; path = MrS_CoolApp.swift; sourceTree = "<group>"; };
		C89EA9072ADD906300891D41 /* ContentView.swift */ = {isa = PBXFileReference; lastKnownFileType = sourcecode.swift; path = ContentView.swift; sourceTree = "<group>"; };
		C89EA9092ADD906800891D41 /* Assets.xcassets */ = {isa = PBXFileReference; lastKnownFileType = folder.assetcatalog; path = Assets.xcassets; sourceTree = "<group>"; };
		C89EA90C2ADD906800891D41 /* Preview Assets.xcassets */ = {isa = PBXFileReference; lastKnownFileType = folder.assetcatalog; path = "Preview Assets.xcassets"; sourceTree = "<group>"; };
		C8FB118C2ADD99800051715F /* EndPoints.swift */ = {isa = PBXFileReference; fileEncoding = 4; lastKnownFileType = sourcecode.swift; path = EndPoints.swift; sourceTree = "<group>"; };
		C8FB118D2ADD99800051715F /* BaseRequest.swift */ = {isa = PBXFileReference; fileEncoding = 4; lastKnownFileType = sourcecode.swift; path = BaseRequest.swift; sourceTree = "<group>"; };
		C8FB118E2ADD99800051715F /* BaseResponse.swift */ = {isa = PBXFileReference; fileEncoding = 4; lastKnownFileType = sourcecode.swift; path = BaseResponse.swift; sourceTree = "<group>"; };
		C8FB118F2ADD99800051715F /* RequestBuilder.swift */ = {isa = PBXFileReference; fileEncoding = 4; lastKnownFileType = sourcecode.swift; path = RequestBuilder.swift; sourceTree = "<group>"; };
		C8FB11942ADD99800051715F /* Authintications.swift */ = {isa = PBXFileReference; fileEncoding = 4; lastKnownFileType = sourcecode.swift; path = Authintications.swift; sourceTree = "<group>"; };
		C8FB11992ADD99800051715F /* InterMedium.ttf */ = {isa = PBXFileReference; lastKnownFileType = file; path = InterMedium.ttf; sourceTree = "<group>"; };
		C8FB119A2ADD99800051715F /* SoraBold.ttf */ = {isa = PBXFileReference; lastKnownFileType = file; path = SoraBold.ttf; sourceTree = "<group>"; };
		C8FB119B2ADD99800051715F /* SoraSemiBold.ttf */ = {isa = PBXFileReference; lastKnownFileType = file; path = SoraSemiBold.ttf; sourceTree = "<group>"; };
		C8FB119C2ADD99800051715F /* RobotoRegular.ttf */ = {isa = PBXFileReference; lastKnownFileType = file; path = RobotoRegular.ttf; sourceTree = "<group>"; };
		C8FB119D2ADD99800051715F /* SoraRegular.ttf */ = {isa = PBXFileReference; lastKnownFileType = file; path = SoraRegular.ttf; sourceTree = "<group>"; };
		C8FB11A72ADD99800051715F /* Language.swift */ = {isa = PBXFileReference; fileEncoding = 4; lastKnownFileType = sourcecode.swift; path = Language.swift; sourceTree = "<group>"; };
		C8FB11A82ADD99800051715F /* LocalizationService.swift */ = {isa = PBXFileReference; fileEncoding = 4; lastKnownFileType = sourcecode.swift; path = LocalizationService.swift; sourceTree = "<group>"; };
		C8FB11BF2ADD9C3B0051715F /* en */ = {isa = PBXFileReference; lastKnownFileType = text.plist.strings; name = en; path = en.lproj/Localizable.strings; sourceTree = "<group>"; };
		C8FB11C12ADD9C3C0051715F /* ar */ = {isa = PBXFileReference; lastKnownFileType = text.plist.strings; name = ar; path = ar.lproj/Localizable.strings; sourceTree = "<group>"; };
		C8FB11C72ADD9EB70051715F /* SignInView.swift */ = {isa = PBXFileReference; lastKnownFileType = sourcecode.swift; path = SignInView.swift; sourceTree = "<group>"; };
		C8FB11C92ADDA2310051715F /* Helper.swift */ = {isa = PBXFileReference; lastKnownFileType = sourcecode.swift; path = Helper.swift; sourceTree = "<group>"; };
		C8FB11CB2ADDA2920051715F /* SignInModel.swift */ = {isa = PBXFileReference; lastKnownFileType = sourcecode.swift; path = SignInModel.swift; sourceTree = "<group>"; };
		C8FB11CD2ADDA65B0051715F /* MrS-Cool.app */ = {isa = PBXFileReference; explicitFileType = wrapper.application; includeInIndex = 0; path = "MrS-Cool.app"; sourceTree = BUILT_PRODUCTS_DIR; };
		C8FB11CE2ADDA6610051715F /* Info.plist */ = {isa = PBXFileReference; lastKnownFileType = text.plist.xml; path = Info.plist; sourceTree = "<group>"; };
		C8FB11D12ADDAD070051715F /* ColorConstants.swift */ = {isa = PBXFileReference; lastKnownFileType = sourcecode.swift; path = ColorConstants.swift; sourceTree = "<group>"; };
		C8FB11D32ADDADD10051715F /* FontsExtension.swift */ = {isa = PBXFileReference; lastKnownFileType = sourcecode.swift; path = FontsExtension.swift; sourceTree = "<group>"; };
/* End PBXFileReference section */

/* Begin PBXFrameworksBuildPhase section */
		C89EA8FF2ADD906300891D41 /* Frameworks */ = {
			isa = PBXFrameworksBuildPhase;
			buildActionMask = 2147483647;
			files = (
				41C210F0B25CB5A9D3ED1D96 /* Pods_MrS_Cool.framework in Frameworks */,
			);
			runOnlyForDeploymentPostprocessing = 0;
		};
/* End PBXFrameworksBuildPhase section */

/* Begin PBXGroup section */
		8794A11A3647421028230701 /* Pods */ = {
			isa = PBXGroup;
			children = (
				747642AF184B8ED6C5D966CF /* Pods-MrS-Cool.debug.xcconfig */,
				C32E76EA1E910F81EDF3CB3E /* Pods-MrS-Cool.release.xcconfig */,
			);
			path = Pods;
			sourceTree = "<group>";
		};
		A185DE38C796146E2464A6B1 /* Frameworks */ = {
			isa = PBXGroup;
			children = (
				23B27A1B6A65B18FCFD88562 /* Pods_MrS_Cool.framework */,
			);
			name = Frameworks;
			sourceTree = "<group>";
		};
		C829B6952AE1719C00CA1935 /* ChangeLanguage */ = {
			isa = PBXGroup;
			children = (
				C829B6962AE171C500CA1935 /* ChangeLanguageView.swift */,
			);
			name = ChangeLanguage;
			sourceTree = "<group>";
		};
		C88C52D62ADFE4C8003DE051 /* TextField */ = {
			isa = PBXGroup;
			children = (
				C88C52D72ADFE4EC003DE051 /* CustomTextField.swift */,
			);
			name = TextField;
			sourceTree = "<group>";
		};
		C88C52D92AE000F2003DE051 /* CheckBox */ = {
			isa = PBXGroup;
			children = (
				C88C52DA2AE00124003DE051 /* CheckboxField.swift */,
			);
			name = CheckBox;
			sourceTree = "<group>";
		};
		C88C52DC2AE02534003DE051 /* Strings */ = {
			isa = PBXGroup;
			children = (
				C88C52DD2AE02548003DE051 /* ExStrings.swift */,
			);
			path = Strings;
			sourceTree = "<group>";
		};
		C899E3E52ADE8EB200593369 /* TitleBar */ = {
			isa = PBXGroup;
			children = (
				C899E3E62ADE8ED300593369 /* CustomTitleBarView.swift */,
			);
			name = TitleBar;
			sourceTree = "<group>";
		};
		C899E3E82ADEC6A700593369 /* View */ = {
			isa = PBXGroup;
			children = (
				C899E3E92ADEC6BD00593369 /* SignUpView.swift */,
			);
			path = View;
			sourceTree = "<group>";
		};
		C899E3EB2ADED32200593369 /* Buttons */ = {
			isa = PBXGroup;
			children = (
				C899E3EC2ADED34200593369 /* CustomButton.swift */,
			);
			name = Buttons;
			sourceTree = "<group>";
		};
		C899E3EE2ADED3AA00593369 /* Styles */ = {
			isa = PBXGroup;
			children = (
				C899E3EF2ADED3D800593369 /* Roundedcorners.swift */,
			);
			name = Styles;
			sourceTree = "<group>";
		};
		C899E3F12ADEEB8900593369 /* Authontication */ = {
			isa = PBXGroup;
			children = (
				C88C52D92AE000F2003DE051 /* CheckBox */,
				C899E3F22ADEEB9900593369 /* UserTypeView */,
			);
			name = Authontication;
			sourceTree = "<group>";
		};
		C899E3F22ADEEB9900593369 /* UserTypeView */ = {
			isa = PBXGroup;
			children = (
				C899E3F32ADEEBC000593369 /* UserTypesList.swift */,
				C899E3F52ADF10D000593369 /* UserTypeCell */,
			);
			name = UserTypeView;
			sourceTree = "<group>";
		};
		C899E3F52ADF10D000593369 /* UserTypeCell */ = {
			isa = PBXGroup;
			children = (
				C899E3F62ADF10EF00593369 /* UserTypeCell.swift */,
			);
			name = UserTypeCell;
			sourceTree = "<group>";
		};
		C89BAFA22AE2B81C00FB5807 /* ViewModifiers */ = {
			isa = PBXGroup;
			children = (
				C89BAFA32AE2B83200FB5807 /* ViewModifiers.swift */,
			);
			name = ViewModifiers;
			sourceTree = "<group>";
		};
		C89EA8F92ADD906300891D41 = {
			isa = PBXGroup;
			children = (
				C89EA9042ADD906300891D41 /* MrS-Cool */,
				8794A11A3647421028230701 /* Pods */,
				C8FB11CD2ADDA65B0051715F /* MrS-Cool.app */,
				A185DE38C796146E2464A6B1 /* Frameworks */,
			);
			sourceTree = "<group>";
		};
		C89EA9042ADD906300891D41 /* MrS-Cool */ = {
			isa = PBXGroup;
			children = (
				C8FB11CE2ADDA6610051715F /* Info.plist */,
				C8FB11832ADD91BA0051715F /* AppMain */,
				C8FB11882ADD99800051715F /* AppModules */,
				C89EA90B2ADD906800891D41 /* Preview Content */,
			);
			path = "MrS-Cool";
			sourceTree = "<group>";
		};
		C89EA90B2ADD906800891D41 /* Preview Content */ = {
			isa = PBXGroup;
			children = (
				C89EA90C2ADD906800891D41 /* Preview Assets.xcassets */,
			);
			path = "Preview Content";
			sourceTree = "<group>";
		};
		C8FB11832ADD91BA0051715F /* AppMain */ = {
			isa = PBXGroup;
			children = (
				C89EA9092ADD906800891D41 /* Assets.xcassets */,
				C89EA9052ADD906300891D41 /* MrS_CoolApp.swift */,
				C89EA9072ADD906300891D41 /* ContentView.swift */,
			);
			path = AppMain;
			sourceTree = "<group>";
		};
		C8FB11882ADD99800051715F /* AppModules */ = {
			isa = PBXGroup;
			children = (
				C8FB11962ADD99800051715F /* Support */,
				C8FB118B2ADD99800051715F /* Services */,
				C8FB118A2ADD99800051715F /* CustomViews */,
				C8FB11892ADD99800051715F /* AppViews */,
			);
			path = AppModules;
			sourceTree = "<group>";
		};
		C8FB11892ADD99800051715F /* AppViews */ = {
			isa = PBXGroup;
			children = (
				C8FB11C22ADD9E4F0051715F /* SignUp */,
				C8FB11C32ADD9E5A0051715F /* SignIn */,
			);
			path = AppViews;
			sourceTree = "<group>";
		};
		C8FB118A2ADD99800051715F /* CustomViews */ = {
			isa = PBXGroup;
			children = (
				C89BAFA22AE2B81C00FB5807 /* ViewModifiers */,
				C829B6952AE1719C00CA1935 /* ChangeLanguage */,
				C88C52D62ADFE4C8003DE051 /* TextField */,
				C899E3F12ADEEB8900593369 /* Authontication */,
				C899E3EE2ADED3AA00593369 /* Styles */,
				C899E3EB2ADED32200593369 /* Buttons */,
				C899E3E52ADE8EB200593369 /* TitleBar */,
			);
			path = CustomViews;
			sourceTree = "<group>";
		};
		C8FB118B2ADD99800051715F /* Services */ = {
			isa = PBXGroup;
			children = (
				C8FB118C2ADD99800051715F /* EndPoints.swift */,
				C8FB118D2ADD99800051715F /* BaseRequest.swift */,
				C8FB118E2ADD99800051715F /* BaseResponse.swift */,
				C8FB118F2ADD99800051715F /* RequestBuilder.swift */,
				C8FB11902ADD99800051715F /* HealthServices */,
			);
			path = Services;
			sourceTree = "<group>";
		};
		C8FB11902ADD99800051715F /* HealthServices */ = {
			isa = PBXGroup;
			children = (
				C8FB11942ADD99800051715F /* Authintications.swift */,
			);
			path = HealthServices;
			sourceTree = "<group>";
		};
		C8FB11962ADD99800051715F /* Support */ = {
			isa = PBXGroup;
			children = (
				C8FB11972ADD99800051715F /* Resources */,
				C8FB119E2ADD99800051715F /* Extensions */,
				C8FB119F2ADD99800051715F /* Localization */,
				C8FB11C92ADDA2310051715F /* Helper.swift */,
			);
			path = Support;
			sourceTree = "<group>";
		};
		C8FB11972ADD99800051715F /* Resources */ = {
			isa = PBXGroup;
			children = (
				C8FB11D02ADDACD50051715F /* ColorConstants */,
				C8FB11982ADD99800051715F /* Fonts */,
			);
			path = Resources;
			sourceTree = "<group>";
		};
		C8FB11982ADD99800051715F /* Fonts */ = {
			isa = PBXGroup;
			children = (
				C8FB11992ADD99800051715F /* InterMedium.ttf */,
				C8FB119A2ADD99800051715F /* SoraBold.ttf */,
				C8FB119B2ADD99800051715F /* SoraSemiBold.ttf */,
				C8FB119C2ADD99800051715F /* RobotoRegular.ttf */,
				C8FB119D2ADD99800051715F /* SoraRegular.ttf */,
				C8FB11D32ADDADD10051715F /* FontsExtension.swift */,
			);
			path = Fonts;
			sourceTree = "<group>";
		};
		C8FB119E2ADD99800051715F /* Extensions */ = {
			isa = PBXGroup;
			children = (
				C88C52DC2AE02534003DE051 /* Strings */,
			);
			path = Extensions;
			sourceTree = "<group>";
		};
		C8FB119F2ADD99800051715F /* Localization */ = {
			isa = PBXGroup;
			children = (
				C8FB11A72ADD99800051715F /* Language.swift */,
				C8FB11A82ADD99800051715F /* LocalizationService.swift */,
				C8FB11C02ADD9C3B0051715F /* Localizable.strings */,
			);
			path = Localization;
			sourceTree = "<group>";
		};
		C8FB11C22ADD9E4F0051715F /* SignUp */ = {
			isa = PBXGroup;
			children = (
				C899E3E82ADEC6A700593369 /* View */,
			);
			path = SignUp;
			sourceTree = "<group>";
		};
		C8FB11C32ADD9E5A0051715F /* SignIn */ = {
			isa = PBXGroup;
			children = (
				C8FB11C62ADD9E7F0051715F /* Model */,
				C8FB11C52ADD9E7C0051715F /* ViewModel */,
				C8FB11C42ADD9E6E0051715F /* View */,
			);
			path = SignIn;
			sourceTree = "<group>";
		};
		C8FB11C42ADD9E6E0051715F /* View */ = {
			isa = PBXGroup;
			children = (
				C8FB11C72ADD9EB70051715F /* SignInView.swift */,
			);
			path = View;
			sourceTree = "<group>";
		};
		C8FB11C52ADD9E7C0051715F /* ViewModel */ = {
			isa = PBXGroup;
			children = (
			);
			path = ViewModel;
			sourceTree = "<group>";
		};
		C8FB11C62ADD9E7F0051715F /* Model */ = {
			isa = PBXGroup;
			children = (
				C8FB11CB2ADDA2920051715F /* SignInModel.swift */,
			);
			path = Model;
			sourceTree = "<group>";
		};
		C8FB11D02ADDACD50051715F /* ColorConstants */ = {
			isa = PBXGroup;
			children = (
				C8FB11D12ADDAD070051715F /* ColorConstants.swift */,
			);
			path = ColorConstants;
			sourceTree = "<group>";
		};
/* End PBXGroup section */

/* Begin PBXNativeTarget section */
		C89EA9012ADD906300891D41 /* MrS-Cool */ = {
			isa = PBXNativeTarget;
			buildConfigurationList = C89EA9102ADD906800891D41 /* Build configuration list for PBXNativeTarget "MrS-Cool" */;
			buildPhases = (
				353A83D6A4B462FADEEDD119 /* [CP] Check Pods Manifest.lock */,
				C89EA8FE2ADD906300891D41 /* Sources */,
				C89EA8FF2ADD906300891D41 /* Frameworks */,
				C89EA9002ADD906300891D41 /* Resources */,
				8D67522ABDE551097F59D48C /* [CP] Embed Pods Frameworks */,
			);
			buildRules = (
			);
			dependencies = (
			);
			name = "MrS-Cool";
			productName = "MrS-Cool";
			productReference = C8FB11CD2ADDA65B0051715F /* MrS-Cool.app */;
			productType = "com.apple.product-type.application";
		};
/* End PBXNativeTarget section */

/* Begin PBXProject section */
		C89EA8FA2ADD906300891D41 /* Project object */ = {
			isa = PBXProject;
			attributes = {
				BuildIndependentTargetsInParallel = 1;
				LastSwiftUpdateCheck = 1500;
				LastUpgradeCheck = 1500;
				TargetAttributes = {
					C89EA9012ADD906300891D41 = {
						CreatedOnToolsVersion = 15.0;
					};
				};
			};
			buildConfigurationList = C89EA8FD2ADD906300891D41 /* Build configuration list for PBXProject "MrS-Cool" */;
			compatibilityVersion = "Xcode 14.0";
			developmentRegion = en;
			hasScannedForEncodings = 0;
			knownRegions = (
				en,
				Base,
				ar,
			);
			mainGroup = C89EA8F92ADD906300891D41;
			productRefGroup = C89EA8F92ADD906300891D41;
			projectDirPath = "";
			projectRoot = "";
			targets = (
				C89EA9012ADD906300891D41 /* MrS-Cool */,
			);
		};
/* End PBXProject section */

/* Begin PBXResourcesBuildPhase section */
		C89EA9002ADD906300891D41 /* Resources */ = {
			isa = PBXResourcesBuildPhase;
			buildActionMask = 2147483647;
			files = (
				C8FB11B42ADD99800051715F /* SoraSemiBold.ttf in Resources */,
				C8FB11B62ADD99800051715F /* SoraRegular.ttf in Resources */,
				C8FB11B32ADD99800051715F /* SoraBold.ttf in Resources */,
				C8FB11B52ADD99800051715F /* RobotoRegular.ttf in Resources */,
				C8FB11B22ADD99800051715F /* InterMedium.ttf in Resources */,
				C8FB11BE2ADD9C3B0051715F /* Localizable.strings in Resources */,
				C89EA90D2ADD906800891D41 /* Preview Assets.xcassets in Resources */,
				C89EA90A2ADD906800891D41 /* Assets.xcassets in Resources */,
			);
			runOnlyForDeploymentPostprocessing = 0;
		};
/* End PBXResourcesBuildPhase section */

/* Begin PBXShellScriptBuildPhase section */
		353A83D6A4B462FADEEDD119 /* [CP] Check Pods Manifest.lock */ = {
			isa = PBXShellScriptBuildPhase;
			buildActionMask = 2147483647;
			files = (
			);
			inputFileListPaths = (
			);
			inputPaths = (
				"${PODS_PODFILE_DIR_PATH}/Podfile.lock",
				"${PODS_ROOT}/Manifest.lock",
			);
			name = "[CP] Check Pods Manifest.lock";
			outputFileListPaths = (
			);
			outputPaths = (
				"$(DERIVED_FILE_DIR)/Pods-MrS-Cool-checkManifestLockResult.txt",
			);
			runOnlyForDeploymentPostprocessing = 0;
			shellPath = /bin/sh;
			shellScript = "diff \"${PODS_PODFILE_DIR_PATH}/Podfile.lock\" \"${PODS_ROOT}/Manifest.lock\" > /dev/null\nif [ $? != 0 ] ; then\n    # print error to STDERR\n    echo \"error: The sandbox is not in sync with the Podfile.lock. Run 'pod install' or update your CocoaPods installation.\" >&2\n    exit 1\nfi\n# This output is used by Xcode 'outputs' to avoid re-running this script phase.\necho \"SUCCESS\" > \"${SCRIPT_OUTPUT_FILE_0}\"\n";
			showEnvVarsInLog = 0;
		};
		8D67522ABDE551097F59D48C /* [CP] Embed Pods Frameworks */ = {
			isa = PBXShellScriptBuildPhase;
			buildActionMask = 2147483647;
			files = (
			);
			inputFileListPaths = (
				"${PODS_ROOT}/Target Support Files/Pods-MrS-Cool/Pods-MrS-Cool-frameworks-${CONFIGURATION}-input-files.xcfilelist",
			);
			name = "[CP] Embed Pods Frameworks";
			outputFileListPaths = (
				"${PODS_ROOT}/Target Support Files/Pods-MrS-Cool/Pods-MrS-Cool-frameworks-${CONFIGURATION}-output-files.xcfilelist",
			);
			runOnlyForDeploymentPostprocessing = 0;
			shellPath = /bin/sh;
			shellScript = "\"${PODS_ROOT}/Target Support Files/Pods-MrS-Cool/Pods-MrS-Cool-frameworks.sh\"\n";
			showEnvVarsInLog = 0;
		};
/* End PBXShellScriptBuildPhase section */

/* Begin PBXSourcesBuildPhase section */
		C89EA8FE2ADD906300891D41 /* Sources */ = {
			isa = PBXSourcesBuildPhase;
			buildActionMask = 2147483647;
			files = (
				C829B6972AE171C500CA1935 /* ChangeLanguageView.swift in Sources */,
				C8FB11BB2ADD99800051715F /* LocalizationService.swift in Sources */,
				C8FB11CA2ADDA2310051715F /* Helper.swift in Sources */,
				C899E3F02ADED3D800593369 /* Roundedcorners.swift in Sources */,
				C8FB11AB2ADD99800051715F /* BaseResponse.swift in Sources */,
				C899E3F42ADEEBC000593369 /* UserTypesList.swift in Sources */,
				C88C52DB2AE00124003DE051 /* CheckboxField.swift in Sources */,
				C899E3E72ADE8ED300593369 /* CustomTitleBarView.swift in Sources */,
				C8FB11AA2ADD99800051715F /* BaseRequest.swift in Sources */,
				C8FB11D42ADDADD10051715F /* FontsExtension.swift in Sources */,
				C89BAFA42AE2B83200FB5807 /* ViewModifiers.swift in Sources */,
				C88C52DE2AE02548003DE051 /* ExStrings.swift in Sources */,
				C8FB11D22ADDAD070051715F /* ColorConstants.swift in Sources */,
				C8FB11B02ADD99800051715F /* Authintications.swift in Sources */,
				C89EA9082ADD906300891D41 /* ContentView.swift in Sources */,
				C8FB11AC2ADD99800051715F /* RequestBuilder.swift in Sources */,
				C8FB11C82ADD9EB70051715F /* SignInView.swift in Sources */,
				C8FB11BA2ADD99800051715F /* Language.swift in Sources */,
				C88C52D82ADFE4EC003DE051 /* CustomTextField.swift in Sources */,
				C899E3F72ADF10EF00593369 /* UserTypeCell.swift in Sources */,
				C899E3EA2ADEC6BD00593369 /* SignUpView.swift in Sources */,
				C899E3ED2ADED34200593369 /* CustomButton.swift in Sources */,
				C8FB11A92ADD99800051715F /* EndPoints.swift in Sources */,
				C8FB11CC2ADDA2920051715F /* SignInModel.swift in Sources */,
				C89EA9062ADD906300891D41 /* MrS_CoolApp.swift in Sources */,
			);
			runOnlyForDeploymentPostprocessing = 0;
		};
/* End PBXSourcesBuildPhase section */

/* Begin PBXVariantGroup section */
		C8FB11C02ADD9C3B0051715F /* Localizable.strings */ = {
			isa = PBXVariantGroup;
			children = (
				C8FB11BF2ADD9C3B0051715F /* en */,
				C8FB11C12ADD9C3C0051715F /* ar */,
			);
			name = Localizable.strings;
			sourceTree = "<group>";
		};
/* End PBXVariantGroup section */

/* Begin XCBuildConfiguration section */
		C89EA90E2ADD906800891D41 /* Debug */ = {
			isa = XCBuildConfiguration;
			buildSettings = {
				ALWAYS_SEARCH_USER_PATHS = NO;
				ASSETCATALOG_COMPILER_GENERATE_SWIFT_ASSET_SYMBOL_EXTENSIONS = YES;
				CLANG_ANALYZER_NONNULL = YES;
				CLANG_ANALYZER_NUMBER_OBJECT_CONVERSION = YES_AGGRESSIVE;
				CLANG_CXX_LANGUAGE_STANDARD = "gnu++20";
				CLANG_ENABLE_MODULES = YES;
				CLANG_ENABLE_OBJC_ARC = YES;
				CLANG_ENABLE_OBJC_WEAK = YES;
				CLANG_WARN_BLOCK_CAPTURE_AUTORELEASING = YES;
				CLANG_WARN_BOOL_CONVERSION = YES;
				CLANG_WARN_COMMA = YES;
				CLANG_WARN_CONSTANT_CONVERSION = YES;
				CLANG_WARN_DEPRECATED_OBJC_IMPLEMENTATIONS = YES;
				CLANG_WARN_DIRECT_OBJC_ISA_USAGE = YES_ERROR;
				CLANG_WARN_DOCUMENTATION_COMMENTS = YES;
				CLANG_WARN_EMPTY_BODY = YES;
				CLANG_WARN_ENUM_CONVERSION = YES;
				CLANG_WARN_INFINITE_RECURSION = YES;
				CLANG_WARN_INT_CONVERSION = YES;
				CLANG_WARN_NON_LITERAL_NULL_CONVERSION = YES;
				CLANG_WARN_OBJC_IMPLICIT_RETAIN_SELF = YES;
				CLANG_WARN_OBJC_LITERAL_CONVERSION = YES;
				CLANG_WARN_OBJC_ROOT_CLASS = YES_ERROR;
				CLANG_WARN_QUOTED_INCLUDE_IN_FRAMEWORK_HEADER = YES;
				CLANG_WARN_RANGE_LOOP_ANALYSIS = YES;
				CLANG_WARN_STRICT_PROTOTYPES = YES;
				CLANG_WARN_SUSPICIOUS_MOVE = YES;
				CLANG_WARN_UNGUARDED_AVAILABILITY = YES_AGGRESSIVE;
				CLANG_WARN_UNREACHABLE_CODE = YES;
				CLANG_WARN__DUPLICATE_METHOD_MATCH = YES;
				COPY_PHASE_STRIP = NO;
				DEBUG_INFORMATION_FORMAT = dwarf;
				ENABLE_STRICT_OBJC_MSGSEND = YES;
				ENABLE_TESTABILITY = YES;
				ENABLE_USER_SCRIPT_SANDBOXING = YES;
				GCC_C_LANGUAGE_STANDARD = gnu17;
				GCC_DYNAMIC_NO_PIC = NO;
				GCC_NO_COMMON_BLOCKS = YES;
				GCC_OPTIMIZATION_LEVEL = 0;
				GCC_PREPROCESSOR_DEFINITIONS = (
					"DEBUG=1",
					"$(inherited)",
				);
				GCC_WARN_64_TO_32_BIT_CONVERSION = YES;
				GCC_WARN_ABOUT_RETURN_TYPE = YES_ERROR;
				GCC_WARN_UNDECLARED_SELECTOR = YES;
				GCC_WARN_UNINITIALIZED_AUTOS = YES_AGGRESSIVE;
				GCC_WARN_UNUSED_FUNCTION = YES;
				GCC_WARN_UNUSED_VARIABLE = YES;
				IPHONEOS_DEPLOYMENT_TARGET = 17.0;
				LOCALIZATION_PREFERS_STRING_CATALOGS = YES;
				MTL_ENABLE_DEBUG_INFO = INCLUDE_SOURCE;
				MTL_FAST_MATH = YES;
				ONLY_ACTIVE_ARCH = YES;
				SDKROOT = iphoneos;
				SWIFT_ACTIVE_COMPILATION_CONDITIONS = "DEBUG $(inherited)";
				SWIFT_OPTIMIZATION_LEVEL = "-Onone";
			};
			name = Debug;
		};
		C89EA90F2ADD906800891D41 /* Release */ = {
			isa = XCBuildConfiguration;
			buildSettings = {
				ALWAYS_SEARCH_USER_PATHS = NO;
				ASSETCATALOG_COMPILER_GENERATE_SWIFT_ASSET_SYMBOL_EXTENSIONS = YES;
				CLANG_ANALYZER_NONNULL = YES;
				CLANG_ANALYZER_NUMBER_OBJECT_CONVERSION = YES_AGGRESSIVE;
				CLANG_CXX_LANGUAGE_STANDARD = "gnu++20";
				CLANG_ENABLE_MODULES = YES;
				CLANG_ENABLE_OBJC_ARC = YES;
				CLANG_ENABLE_OBJC_WEAK = YES;
				CLANG_WARN_BLOCK_CAPTURE_AUTORELEASING = YES;
				CLANG_WARN_BOOL_CONVERSION = YES;
				CLANG_WARN_COMMA = YES;
				CLANG_WARN_CONSTANT_CONVERSION = YES;
				CLANG_WARN_DEPRECATED_OBJC_IMPLEMENTATIONS = YES;
				CLANG_WARN_DIRECT_OBJC_ISA_USAGE = YES_ERROR;
				CLANG_WARN_DOCUMENTATION_COMMENTS = YES;
				CLANG_WARN_EMPTY_BODY = YES;
				CLANG_WARN_ENUM_CONVERSION = YES;
				CLANG_WARN_INFINITE_RECURSION = YES;
				CLANG_WARN_INT_CONVERSION = YES;
				CLANG_WARN_NON_LITERAL_NULL_CONVERSION = YES;
				CLANG_WARN_OBJC_IMPLICIT_RETAIN_SELF = YES;
				CLANG_WARN_OBJC_LITERAL_CONVERSION = YES;
				CLANG_WARN_OBJC_ROOT_CLASS = YES_ERROR;
				CLANG_WARN_QUOTED_INCLUDE_IN_FRAMEWORK_HEADER = YES;
				CLANG_WARN_RANGE_LOOP_ANALYSIS = YES;
				CLANG_WARN_STRICT_PROTOTYPES = YES;
				CLANG_WARN_SUSPICIOUS_MOVE = YES;
				CLANG_WARN_UNGUARDED_AVAILABILITY = YES_AGGRESSIVE;
				CLANG_WARN_UNREACHABLE_CODE = YES;
				CLANG_WARN__DUPLICATE_METHOD_MATCH = YES;
				COPY_PHASE_STRIP = NO;
				DEBUG_INFORMATION_FORMAT = "dwarf-with-dsym";
				ENABLE_NS_ASSERTIONS = NO;
				ENABLE_STRICT_OBJC_MSGSEND = YES;
				ENABLE_USER_SCRIPT_SANDBOXING = YES;
				GCC_C_LANGUAGE_STANDARD = gnu17;
				GCC_NO_COMMON_BLOCKS = YES;
				GCC_WARN_64_TO_32_BIT_CONVERSION = YES;
				GCC_WARN_ABOUT_RETURN_TYPE = YES_ERROR;
				GCC_WARN_UNDECLARED_SELECTOR = YES;
				GCC_WARN_UNINITIALIZED_AUTOS = YES_AGGRESSIVE;
				GCC_WARN_UNUSED_FUNCTION = YES;
				GCC_WARN_UNUSED_VARIABLE = YES;
				IPHONEOS_DEPLOYMENT_TARGET = 17.0;
				LOCALIZATION_PREFERS_STRING_CATALOGS = YES;
				MTL_ENABLE_DEBUG_INFO = NO;
				MTL_FAST_MATH = YES;
				SDKROOT = iphoneos;
				SWIFT_COMPILATION_MODE = wholemodule;
				VALIDATE_PRODUCT = YES;
			};
			name = Release;
		};
		C89EA9112ADD906800891D41 /* Debug */ = {
			isa = XCBuildConfiguration;
			baseConfigurationReference = 747642AF184B8ED6C5D966CF /* Pods-MrS-Cool.debug.xcconfig */;
			buildSettings = {
				ASSETCATALOG_COMPILER_APPICON_NAME = AppIcon;
				ASSETCATALOG_COMPILER_GLOBAL_ACCENT_COLOR_NAME = AccentColor;
				CODE_SIGN_STYLE = Automatic;
				CURRENT_PROJECT_VERSION = 1;
				DEVELOPMENT_ASSET_PATHS = "\"MrS-Cool/Preview Content\"";
				DEVELOPMENT_TEAM = 23H4SBD5QL;
				ENABLE_PREVIEWS = YES;
				ENABLE_USER_SCRIPT_SANDBOXING = NO;
				GENERATE_INFOPLIST_FILE = YES;
				INFOPLIST_FILE = "MrS-Cool/Info.plist";
				INFOPLIST_KEY_LSApplicationCategoryType = "public.app-category.education";
				INFOPLIST_KEY_UIApplicationSceneManifest_Generation = YES;
				INFOPLIST_KEY_UIApplicationSupportsIndirectInputEvents = YES;
				INFOPLIST_KEY_UILaunchScreen_Generation = YES;
				INFOPLIST_KEY_UISupportedInterfaceOrientations_iPad = "UIInterfaceOrientationPortrait UIInterfaceOrientationPortraitUpsideDown UIInterfaceOrientationLandscapeLeft UIInterfaceOrientationLandscapeRight";
				INFOPLIST_KEY_UISupportedInterfaceOrientations_iPhone = "UIInterfaceOrientationPortrait UIInterfaceOrientationLandscapeLeft UIInterfaceOrientationLandscapeRight";
				IPHONEOS_DEPLOYMENT_TARGET = 15.0;
				LD_RUNPATH_SEARCH_PATHS = (
					"$(inherited)",
					"@executable_path/Frameworks",
				);
				MARKETING_VERSION = 1.0;
				PRODUCT_BUNDLE_IDENTIFIER = "wecancityagency.MrS-Cool";
				PRODUCT_NAME = "$(TARGET_NAME)";
				SUPPORTED_PLATFORMS = "iphoneos iphonesimulator";
				SUPPORTS_MACCATALYST = NO;
				SUPPORTS_MAC_DESIGNED_FOR_IPHONE_IPAD = NO;
				SWIFT_EMIT_LOC_STRINGS = YES;
				SWIFT_VERSION = 5.0;
				TARGETED_DEVICE_FAMILY = "1,2";
			};
			name = Debug;
		};
		C89EA9122ADD906800891D41 /* Release */ = {
			isa = XCBuildConfiguration;
			baseConfigurationReference = C32E76EA1E910F81EDF3CB3E /* Pods-MrS-Cool.release.xcconfig */;
			buildSettings = {
				ASSETCATALOG_COMPILER_APPICON_NAME = AppIcon;
				ASSETCATALOG_COMPILER_GLOBAL_ACCENT_COLOR_NAME = AccentColor;
				CODE_SIGN_STYLE = Automatic;
				CURRENT_PROJECT_VERSION = 1;
				DEVELOPMENT_ASSET_PATHS = "\"MrS-Cool/Preview Content\"";
				DEVELOPMENT_TEAM = 23H4SBD5QL;
				ENABLE_PREVIEWS = YES;
				ENABLE_USER_SCRIPT_SANDBOXING = NO;
				GENERATE_INFOPLIST_FILE = YES;
				INFOPLIST_FILE = "MrS-Cool/Info.plist";
				INFOPLIST_KEY_LSApplicationCategoryType = "public.app-category.education";
				INFOPLIST_KEY_UIApplicationSceneManifest_Generation = YES;
				INFOPLIST_KEY_UIApplicationSupportsIndirectInputEvents = YES;
				INFOPLIST_KEY_UILaunchScreen_Generation = YES;
				INFOPLIST_KEY_UISupportedInterfaceOrientations_iPad = "UIInterfaceOrientationPortrait UIInterfaceOrientationPortraitUpsideDown UIInterfaceOrientationLandscapeLeft UIInterfaceOrientationLandscapeRight";
				INFOPLIST_KEY_UISupportedInterfaceOrientations_iPhone = "UIInterfaceOrientationPortrait UIInterfaceOrientationLandscapeLeft UIInterfaceOrientationLandscapeRight";
				IPHONEOS_DEPLOYMENT_TARGET = 15.0;
				LD_RUNPATH_SEARCH_PATHS = (
					"$(inherited)",
					"@executable_path/Frameworks",
				);
				MARKETING_VERSION = 1.0;
				PRODUCT_BUNDLE_IDENTIFIER = "wecancityagency.MrS-Cool";
				PRODUCT_NAME = "$(TARGET_NAME)";
				SUPPORTED_PLATFORMS = "iphoneos iphonesimulator";
				SUPPORTS_MACCATALYST = NO;
				SUPPORTS_MAC_DESIGNED_FOR_IPHONE_IPAD = NO;
				SWIFT_EMIT_LOC_STRINGS = YES;
				SWIFT_VERSION = 5.0;
				TARGETED_DEVICE_FAMILY = "1,2";
			};
			name = Release;
		};
/* End XCBuildConfiguration section */

/* Begin XCConfigurationList section */
		C89EA8FD2ADD906300891D41 /* Build configuration list for PBXProject "MrS-Cool" */ = {
			isa = XCConfigurationList;
			buildConfigurations = (
				C89EA90E2ADD906800891D41 /* Debug */,
				C89EA90F2ADD906800891D41 /* Release */,
			);
			defaultConfigurationIsVisible = 0;
			defaultConfigurationName = Release;
		};
		C89EA9102ADD906800891D41 /* Build configuration list for PBXNativeTarget "MrS-Cool" */ = {
			isa = XCConfigurationList;
			buildConfigurations = (
				C89EA9112ADD906800891D41 /* Debug */,
				C89EA9122ADD906800891D41 /* Release */,
			);
			defaultConfigurationIsVisible = 0;
			defaultConfigurationName = Release;
		};
/* End XCConfigurationList section */
	};
	rootObject = C89EA8FA2ADD906300891D41 /* Project object */;
}
